// !$*UTF8*$!
{
	archiveVersion = 1;
	classes = {
	};
	objectVersion = 56;
	objects = {

/* Begin PBXBuildFile section */
		051C41A62A156735006E032E /* AppDelegate.swift in Sources */ = {isa = PBXBuildFile; fileRef = 051C41A52A156735006E032E /* AppDelegate.swift */; };
		051C41A82A156735006E032E /* SceneDelegate.swift in Sources */ = {isa = PBXBuildFile; fileRef = 051C41A72A156735006E032E /* SceneDelegate.swift */; };
		051C41AA2A156735006E032E /* ViewController.swift in Sources */ = {isa = PBXBuildFile; fileRef = 051C41A92A156735006E032E /* ViewController.swift */; };
		051C41AD2A156735006E032E /* Main.storyboard in Resources */ = {isa = PBXBuildFile; fileRef = 051C41AB2A156735006E032E /* Main.storyboard */; };
		051C41AF2A156736006E032E /* Assets.xcassets in Resources */ = {isa = PBXBuildFile; fileRef = 051C41AE2A156736006E032E /* Assets.xcassets */; };
		051C41B22A156736006E032E /* LaunchScreen.storyboard in Resources */ = {isa = PBXBuildFile; fileRef = 051C41B02A156736006E032E /* LaunchScreen.storyboard */; };
		054977FB2A156AC60053D249 /* ProfileViewController.swift in Sources */ = {isa = PBXBuildFile; fileRef = 054977FA2A156AC60053D249 /* ProfileViewController.swift */; };
		054977FD2A156AD10053D249 /* FeedViewController.swift in Sources */ = {isa = PBXBuildFile; fileRef = 054977FC2A156AD10053D249 /* FeedViewController.swift */; };
		054977FF2A156AE60053D249 /* PostViewController.swift in Sources */ = {isa = PBXBuildFile; fileRef = 054977FE2A156AE60053D249 /* PostViewController.swift */; };
		054978012A156AF00053D249 /* InfoViewController.swift in Sources */ = {isa = PBXBuildFile; fileRef = 054978002A156AF00053D249 /* InfoViewController.swift */; };
		054978032A156B010053D249 /* Post.swift in Sources */ = {isa = PBXBuildFile; fileRef = 054978022A156B010053D249 /* Post.swift */; };
/* End PBXBuildFile section */

/* Begin PBXFileReference section */
		051C41A22A156735006E032E /* Novigaton.app */ = {isa = PBXFileReference; explicitFileType = wrapper.application; includeInIndex = 0; path = Novigaton.app; sourceTree = BUILT_PRODUCTS_DIR; };
		051C41A52A156735006E032E /* AppDelegate.swift */ = {isa = PBXFileReference; lastKnownFileType = sourcecode.swift; path = AppDelegate.swift; sourceTree = "<group>"; };
		051C41A72A156735006E032E /* SceneDelegate.swift */ = {isa = PBXFileReference; lastKnownFileType = sourcecode.swift; path = SceneDelegate.swift; sourceTree = "<group>"; };
		051C41A92A156735006E032E /* ViewController.swift */ = {isa = PBXFileReference; lastKnownFileType = sourcecode.swift; path = ViewController.swift; sourceTree = "<group>"; };
		051C41AC2A156735006E032E /* Base */ = {isa = PBXFileReference; lastKnownFileType = file.storyboard; name = Base; path = Base.lproj/Main.storyboard; sourceTree = "<group>"; };
		051C41AE2A156736006E032E /* Assets.xcassets */ = {isa = PBXFileReference; lastKnownFileType = folder.assetcatalog; path = Assets.xcassets; sourceTree = "<group>"; };
		051C41B12A156736006E032E /* Base */ = {isa = PBXFileReference; lastKnownFileType = file.storyboard; name = Base; path = Base.lproj/LaunchScreen.storyboard; sourceTree = "<group>"; };
		051C41B32A156736006E032E /* Info.plist */ = {isa = PBXFileReference; lastKnownFileType = text.plist.xml; path = Info.plist; sourceTree = "<group>"; };
		054977FA2A156AC60053D249 /* ProfileViewController.swift */ = {isa = PBXFileReference; lastKnownFileType = sourcecode.swift; path = ProfileViewController.swift; sourceTree = "<group>"; };
		054977FC2A156AD10053D249 /* FeedViewController.swift */ = {isa = PBXFileReference; lastKnownFileType = sourcecode.swift; path = FeedViewController.swift; sourceTree = "<group>"; };
		054977FE2A156AE60053D249 /* PostViewController.swift */ = {isa = PBXFileReference; lastKnownFileType = sourcecode.swift; path = PostViewController.swift; sourceTree = "<group>"; };
		054978002A156AF00053D249 /* InfoViewController.swift */ = {isa = PBXFileReference; lastKnownFileType = sourcecode.swift; path = InfoViewController.swift; sourceTree = "<group>"; };
		054978022A156B010053D249 /* Post.swift */ = {isa = PBXFileReference; lastKnownFileType = sourcecode.swift; path = Post.swift; sourceTree = "<group>"; };
/* End PBXFileReference section */

/* Begin PBXFrameworksBuildPhase section */
		051C419F2A156735006E032E /* Frameworks */ = {
			isa = PBXFrameworksBuildPhase;
			buildActionMask = 2147483647;
			files = (
			);
			runOnlyForDeploymentPostprocessing = 0;
		};
/* End PBXFrameworksBuildPhase section */

/* Begin PBXGroup section */
		051C41992A156735006E032E = {
			isa = PBXGroup;
			children = (
				051C41A42A156735006E032E /* Novigaton */,
				051C41A32A156735006E032E /* Products */,
			);
			sourceTree = "<group>";
		};
		051C41A32A156735006E032E /* Products */ = {
			isa = PBXGroup;
			children = (
				051C41A22A156735006E032E /* Novigaton.app */,
			);
			name = Products;
			sourceTree = "<group>";
		};
		051C41A42A156735006E032E /* Novigaton */ = {
			isa = PBXGroup;
			children = (
				051C41A52A156735006E032E /* AppDelegate.swift */,
				051C41A72A156735006E032E /* SceneDelegate.swift */,
				054977FA2A156AC60053D249 /* ProfileViewController.swift */,
				054977FC2A156AD10053D249 /* FeedViewController.swift */,
				054977FE2A156AE60053D249 /* PostViewController.swift */,
				054978002A156AF00053D249 /* InfoViewController.swift */,
				054978022A156B010053D249 /* Post.swift */,
				051C41A92A156735006E032E /* ViewController.swift */,
				051C41AB2A156735006E032E /* Main.storyboard */,
				051C41AE2A156736006E032E /* Assets.xcassets */,
				051C41B02A156736006E032E /* LaunchScreen.storyboard */,
				051C41B32A156736006E032E /* Info.plist */,
			);
			path = Novigaton;
			sourceTree = "<group>";
		};
/* End PBXGroup section */

/* Begin PBXNativeTarget section */
		051C41A12A156735006E032E /* Novigaton */ = {
			isa = PBXNativeTarget;
			buildConfigurationList = 051C41B62A156736006E032E /* Build configuration list for PBXNativeTarget "Novigaton" */;
			buildPhases = (
				051C419E2A156735006E032E /* Sources */,
				051C419F2A156735006E032E /* Frameworks */,
				051C41A02A156735006E032E /* Resources */,
			);
			buildRules = (
			);
			dependencies = (
			);
			name = Novigaton;
			productName = Novigaton;
			productReference = 051C41A22A156735006E032E /* Novigaton.app */;
			productType = "com.apple.product-type.application";
		};
/* End PBXNativeTarget section */

/* Begin PBXProject section */
		051C419A2A156735006E032E /* Project object */ = {
			isa = PBXProject;
			attributes = {
				BuildIndependentTargetsInParallel = 1;
				LastSwiftUpdateCheck = 1430;
				LastUpgradeCheck = 1430;
				TargetAttributes = {
					051C41A12A156735006E032E = {
						CreatedOnToolsVersion = 14.3;
					};
				};
			};
			buildConfigurationList = 051C419D2A156735006E032E /* Build configuration list for PBXProject "Novigaton" */;
			compatibilityVersion = "Xcode 14.0";
			developmentRegion = en;
			hasScannedForEncodings = 0;
			knownRegions = (
				en,
				Base,
			);
			mainGroup = 051C41992A156735006E032E;
			productRefGroup = 051C41A32A156735006E032E /* Products */;
			projectDirPath = "";
			projectRoot = "";
			targets = (
				051C41A12A156735006E032E /* Novigaton */,
			);
		};
/* End PBXProject section */

/* Begin PBXResourcesBuildPhase section */
		051C41A02A156735006E032E /* Resources */ = {
			isa = PBXResourcesBuildPhase;
			buildActionMask = 2147483647;
			files = (
				051C41B22A156736006E032E /* LaunchScreen.storyboard in Resources */,
				051C41AF2A156736006E032E /* Assets.xcassets in Resources */,
				051C41AD2A156735006E032E /* Main.storyboard in Resources */,
			);
			runOnlyForDeploymentPostprocessing = 0;
		};
/* End PBXResourcesBuildPhase section */

/* Begin PBXSourcesBuildPhase section */
		051C419E2A156735006E032E /* Sources */ = {
			isa = PBXSourcesBuildPhase;
			buildActionMask = 2147483647;
			files = (
				054977FF2A156AE60053D249 /* PostViewController.swift in Sources */,
				051C41AA2A156735006E032E /* ViewController.swift in Sources */,
				051C41A62A156735006E032E /* AppDelegate.swift in Sources */,
				054978032A156B010053D249 /* Post.swift in Sources */,
				054978012A156AF00053D249 /* InfoViewController.swift in Sources */,
				054977FD2A156AD10053D249 /* FeedViewController.swift in Sources */,
				054977FB2A156AC60053D249 /* ProfileViewController.swift in Sources */,
				051C41A82A156735006E032E /* SceneDelegate.swift in Sources */,
			);
			runOnlyForDeploymentPostprocessing = 0;
		};
/* End PBXSourcesBuildPhase section */

/* Begin PBXVariantGroup section */
		051C41AB2A156735006E032E /* Main.storyboard */ = {
			isa = PBXVariantGroup;
			children = (
				051C41AC2A156735006E032E /* Base */,
			);
			name = Main.storyboard;
			sourceTree = "<group>";
		};
		051C41B02A156736006E032E /* LaunchScreen.storyboard */ = {
			isa = PBXVariantGroup;
			children = (
				051C41B12A156736006E032E /* Base */,
			);
			name = LaunchScreen.storyboard;
			sourceTree = "<group>";
		};
/* End PBXVariantGroup section */

/* Begin XCBuildConfiguration section */
		051C41B42A156736006E032E /* Debug */ = {
			isa = XCBuildConfiguration;
			buildSettings = {
				ALWAYS_SEARCH_USER_PATHS = NO;
				CLANG_ANALYZER_NONNULL = YES;
				CLANG_ANALYZER_NUMBER_OBJECT_CONVERSION = YES_AGGRESSIVE;
				CLANG_CXX_LANGUAGE_STANDARD = "gnu++20";
				CLANG_ENABLE_MODULES = YES;
				CLANG_ENABLE_OBJC_ARC = YES;
				CLANG_ENABLE_OBJC_WEAK = YES;
				CLANG_WARN_BLOCK_CAPTURE_AUTORELEASING = YES;
				CLANG_WARN_BOOL_CONVERSION = YES;
				CLANG_WARN_COMMA = YES;
				CLANG_WARN_CONSTANT_CONVERSION = YES;
				CLANG_WARN_DEPRECATED_OBJC_IMPLEMENTATIONS = YES;
				CLANG_WARN_DIRECT_OBJC_ISA_USAGE = YES_ERROR;
				CLANG_WARN_DOCUMENTATION_COMMENTS = YES;
				CLANG_WARN_EMPTY_BODY = YES;
				CLANG_WARN_ENUM_CONVERSION = YES;
				CLANG_WARN_INFINITE_RECURSION = YES;
				CLANG_WARN_INT_CONVERSION = YES;
				CLANG_WARN_NON_LITERAL_NULL_CONVERSION = YES;
				CLANG_WARN_OBJC_IMPLICIT_RETAIN_SELF = YES;
				CLANG_WARN_OBJC_LITERAL_CONVERSION = YES;
				CLANG_WARN_OBJC_ROOT_CLASS = YES_ERROR;
				CLANG_WARN_QUOTED_INCLUDE_IN_FRAMEWORK_HEADER = YES;
				CLANG_WARN_RANGE_LOOP_ANALYSIS = YES;
				CLANG_WARN_STRICT_PROTOTYPES = YES;
				CLANG_WARN_SUSPICIOUS_MOVE = YES;
				CLANG_WARN_UNGUARDED_AVAILABILITY = YES_AGGRESSIVE;
				CLANG_WARN_UNREACHABLE_CODE = YES;
				CLANG_WARN__DUPLICATE_METHOD_MATCH = YES;
				COPY_PHASE_STRIP = NO;
				DEBUG_INFORMATION_FORMAT = dwarf;
				ENABLE_STRICT_OBJC_MSGSEND = YES;
				ENABLE_TESTABILITY = YES;
				GCC_C_LANGUAGE_STANDARD = gnu11;
				GCC_DYNAMIC_NO_PIC = NO;
				GCC_NO_COMMON_BLOCKS = YES;
				GCC_OPTIMIZATION_LEVEL = 0;
				GCC_PREPROCESSOR_DEFINITIONS = (
					"DEBUG=1",
					"$(inherited)",
				);
				GCC_WARN_64_TO_32_BIT_CONVERSION = YES;
				GCC_WARN_ABOUT_RETURN_TYPE = YES_ERROR;
				GCC_WARN_UNDECLARED_SELECTOR = YES;
				GCC_WARN_UNINITIALIZED_AUTOS = YES_AGGRESSIVE;
				GCC_WARN_UNUSED_FUNCTION = YES;
				GCC_WARN_UNUSED_VARIABLE = YES;
				IPHONEOS_DEPLOYMENT_TARGET = 16.4;
				MTL_ENABLE_DEBUG_INFO = INCLUDE_SOURCE;
				MTL_FAST_MATH = YES;
				ONLY_ACTIVE_ARCH = YES;
				SDKROOT = iphoneos;
				SWIFT_ACTIVE_COMPILATION_CONDITIONS = DEBUG;
				SWIFT_OPTIMIZATION_LEVEL = "-Onone";
			};
			name = Debug;
		};
		051C41B52A156736006E032E /* Release */ = {
			isa = XCBuildConfiguration;
			buildSettings = {
				ALWAYS_SEARCH_USER_PATHS = NO;
				CLANG_ANALYZER_NONNULL = YES;
				CLANG_ANALYZER_NUMBER_OBJECT_CONVERSION = YES_AGGRESSIVE;
				CLANG_CXX_LANGUAGE_STANDARD = "gnu++20";
				CLANG_ENABLE_MODULES = YES;
				CLANG_ENABLE_OBJC_ARC = YES;
				CLANG_ENABLE_OBJC_WEAK = YES;
				CLANG_WARN_BLOCK_CAPTURE_AUTORELEASING = YES;
				CLANG_WARN_BOOL_CONVERSION = YES;
				CLANG_WARN_COMMA = YES;
				CLANG_WARN_CONSTANT_CONVERSION = YES;
				CLANG_WARN_DEPRECATED_OBJC_IMPLEMENTATIONS = YES;
				CLANG_WARN_DIRECT_OBJC_ISA_USAGE = YES_ERROR;
				CLANG_WARN_DOCUMENTATION_COMMENTS = YES;
				CLANG_WARN_EMPTY_BODY = YES;
				CLANG_WARN_ENUM_CONVERSION = YES;
				CLANG_WARN_INFINITE_RECURSION = YES;
				CLANG_WARN_INT_CONVERSION = YES;
				CLANG_WARN_NON_LITERAL_NULL_CONVERSION = YES;
				CLANG_WARN_OBJC_IMPLICIT_RETAIN_SELF = YES;
				CLANG_WARN_OBJC_LITERAL_CONVERSION = YES;
				CLANG_WARN_OBJC_ROOT_CLASS = YES_ERROR;
				CLANG_WARN_QUOTED_INCLUDE_IN_FRAMEWORK_HEADER = YES;
				CLANG_WARN_RANGE_LOOP_ANALYSIS = YES;
				CLANG_WARN_STRICT_PROTOTYPES = YES;
				CLANG_WARN_SUSPICIOUS_MOVE = YES;
				CLANG_WARN_UNGUARDED_AVAILABILITY = YES_AGGRESSIVE;
				CLANG_WARN_UNREACHABLE_CODE = YES;
				CLANG_WARN__DUPLICATE_METHOD_MATCH = YES;
				COPY_PHASE_STRIP = NO;
				DEBUG_INFORMATION_FORMAT = "dwarf-with-dsym";
				ENABLE_NS_ASSERTIONS = NO;
				ENABLE_STRICT_OBJC_MSGSEND = YES;
				GCC_C_LANGUAGE_STANDARD = gnu11;
				GCC_NO_COMMON_BLOCKS = YES;
				GCC_WARN_64_TO_32_BIT_CONVERSION = YES;
				GCC_WARN_ABOUT_RETURN_TYPE = YES_ERROR;
				GCC_WARN_UNDECLARED_SELECTOR = YES;
				GCC_WARN_UNINITIALIZED_AUTOS = YES_AGGRESSIVE;
				GCC_WARN_UNUSED_FUNCTION = YES;
				GCC_WARN_UNUSED_VARIABLE = YES;
				IPHONEOS_DEPLOYMENT_TARGET = 16.4;
				MTL_ENABLE_DEBUG_INFO = NO;
				MTL_FAST_MATH = YES;
				SDKROOT = iphoneos;
				SWIFT_COMPILATION_MODE = wholemodule;
				SWIFT_OPTIMIZATION_LEVEL = "-O";
				VALIDATE_PRODUCT = YES;
			};
			name = Release;
		};
		051C41B72A156736006E032E /* Debug */ = {
			isa = XCBuildConfiguration;
			buildSettings = {
				ASSETCATALOG_COMPILER_APPICON_NAME = AppIcon;
				ASSETCATALOG_COMPILER_GLOBAL_ACCENT_COLOR_NAME = AccentColor;
				CODE_SIGN_STYLE = Automatic;
				CURRENT_PROJECT_VERSION = 1;
				GENERATE_INFOPLIST_FILE = YES;
				INFOPLIST_FILE = Novigaton/Info.plist;
				INFOPLIST_KEY_UIApplicationSupportsIndirectInputEvents = YES;
				INFOPLIST_KEY_UILaunchStoryboardName = LaunchScreen;
				INFOPLIST_KEY_UISupportedInterfaceOrientations = UIInterfaceOrientationPortrait;
				INFOPLIST_KEY_UISupportedInterfaceOrientations_iPad = "UIInterfaceOrientationLandscapeLeft UIInterfaceOrientationLandscapeRight UIInterfaceOrientationPortrait UIInterfaceOrientationPortraitUpsideDown";
				LD_RUNPATH_SEARCH_PATHS = (
					"$(inherited)",
					"@executable_path/Frameworks",
				);
				MARKETING_VERSION = 1.0;
				PRODUCT_BUNDLE_IDENTIFIER = OlegZernyaev.Novigaton;
				PRODUCT_NAME = "$(TARGET_NAME)";
				SWIFT_EMIT_LOC_STRINGS = YES;
				SWIFT_VERSION = 5.0;
				TARGETED_DEVICE_FAMILY = "1,2";
			};
			name = Debug;
		};
		051C41B82A156736006E032E /* Release */ = {
			isa = XCBuildConfiguration;
			buildSettings = {
				ASSETCATALOG_COMPILER_APPICON_NAME = AppIcon;
				ASSETCATALOG_COMPILER_GLOBAL_ACCENT_COLOR_NAME = AccentColor;
				CODE_SIGN_STYLE = Automatic;
				CURRENT_PROJECT_VERSION = 1;
				GENERATE_INFOPLIST_FILE = YES;
				INFOPLIST_FILE = Novigaton/Info.plist;
				INFOPLIST_KEY_UIApplicationSupportsIndirectInputEvents = YES;
				INFOPLIST_KEY_UILaunchStoryboardName = LaunchScreen;
				INFOPLIST_KEY_UISupportedInterfaceOrientations = UIInterfaceOrientationPortrait;
				INFOPLIST_KEY_UISupportedInterfaceOrientations_iPad = "UIInterfaceOrientationLandscapeLeft UIInterfaceOrientationLandscapeRight UIInterfaceOrientationPortrait UIInterfaceOrientationPortraitUpsideDown";
				LD_RUNPATH_SEARCH_PATHS = (
					"$(inherited)",
					"@executable_path/Frameworks",
				);
				MARKETING_VERSION = 1.0;
				PRODUCT_BUNDLE_IDENTIFIER = OlegZernyaev.Novigaton;
				PRODUCT_NAME = "$(TARGET_NAME)";
				SWIFT_EMIT_LOC_STRINGS = YES;
				SWIFT_VERSION = 5.0;
				TARGETED_DEVICE_FAMILY = "1,2";
			};
			name = Release;
		};
/* End XCBuildConfiguration section */

/* Begin XCConfigurationList section */
		051C419D2A156735006E032E /* Build configuration list for PBXProject "Novigaton" */ = {
			isa = XCConfigurationList;
			buildConfigurations = (
				051C41B42A156736006E032E /* Debug */,
				051C41B52A156736006E032E /* Release */,
			);
			defaultConfigurationIsVisible = 0;
			defaultConfigurationName = Release;
		};
		051C41B62A156736006E032E /* Build configuration list for PBXNativeTarget "Novigaton" */ = {
			isa = XCConfigurationList;
			buildConfigurations = (
				051C41B72A156736006E032E /* Debug */,
				051C41B82A156736006E032E /* Release */,
			);
			defaultConfigurationIsVisible = 0;
			defaultConfigurationName = Release;
		};
/* End XCConfigurationList section */
	};
	rootObject = 051C419A2A156735006E032E /* Project object */;
}
